
Microsoft Visual Studio Solution File, Format Version 12.00
# Visual Studio Version 17
VisualStudioVersion = 17.3.32825.248
MinimumVisualStudioVersion = 10.0.40219.1
Project("{9A19103F-16F7-4668-BE54-9A1E7A4F7556}") = "TimeBreaker", "TimeBreaker\TimeBreaker.csproj", "{8D351390-F776-4677-AA69-485606464B56}"
EndProject
Global
	GlobalSection(SolutionConfigurationPlatforms) = preSolution
		Debug|Any CPU = Debug|Any CPU
		Release|Any CPU = Release|Any CPU
	EndGlobalSection
	GlobalSection(ProjectConfigurationPlatforms) = postSolution
		{8D351390-F776-4677-AA69-485606464B56}.Debug|Any CPU.ActiveCfg = Debug|Any CPU
		{8D351390-F776-4677-AA69-485606464B56}.Debug|Any CPU.Build.0 = Debug|Any CPU
		{8D351390-F776-4677-AA69-485606464B56}.Release|Any CPU.ActiveCfg = Release|Any CPU
		{8D351390-F776-4677-AA69-485606464B56}.Release|Any CPU.Build.0 = Release|Any CPU
	EndGlobalSection
	GlobalSection(SolutionProperties) = preSolution
		HideSolutionNode = FALSE
	EndGlobalSection
	GlobalSection(ExtensibilityGlobals) = postSolution
		SolutionGuid = {103B55CC-988D-46C4-A007-73AA9B69EBF7}
	EndGlobalSection
EndGlobal
